// !$*UTF8*$!
{
	archiveVersion = 1;
	classes = {
	};
	objectVersion = 46;
	objects = {

/* Begin PBXBuildFile section */
		3A7E7AF31EC2E4C700F32479 /* AppDelegate.swift in Sources */ = {isa = PBXBuildFile; fileRef = 3A7E7AF21EC2E4C700F32479 /* AppDelegate.swift */; };
		3A7E7AF51EC2E4C700F32479 /* ViewController.swift in Sources */ = {isa = PBXBuildFile; fileRef = 3A7E7AF41EC2E4C700F32479 /* ViewController.swift */; };
		3A7E7AF81EC2E4C700F32479 /* Main.storyboard in Resources */ = {isa = PBXBuildFile; fileRef = 3A7E7AF61EC2E4C700F32479 /* Main.storyboard */; };
		3A7E7AFB1EC2E4C700F32479 /* ManagementCollection.xcdatamodeld in Sources */ = {isa = PBXBuildFile; fileRef = 3A7E7AF91EC2E4C700F32479 /* ManagementCollection.xcdatamodeld */; };
		3A7E7AFD1EC2E4C700F32479 /* Assets.xcassets in Resources */ = {isa = PBXBuildFile; fileRef = 3A7E7AFC1EC2E4C700F32479 /* Assets.xcassets */; };
		3A7E7B001EC2E4C700F32479 /* LaunchScreen.storyboard in Resources */ = {isa = PBXBuildFile; fileRef = 3A7E7AFE1EC2E4C700F32479 /* LaunchScreen.storyboard */; };
		3A7E7B0B1EC2E4C700F32479 /* ManagementCollectionTests.swift in Sources */ = {isa = PBXBuildFile; fileRef = 3A7E7B0A1EC2E4C700F32479 /* ManagementCollectionTests.swift */; };
		3A7E7B161EC2E4C700F32479 /* ManagementCollectionUITests.swift in Sources */ = {isa = PBXBuildFile; fileRef = 3A7E7B151EC2E4C700F32479 /* ManagementCollectionUITests.swift */; };
		3A7E7B261EC2E83300F32479 /* Student.swift in Sources */ = {isa = PBXBuildFile; fileRef = 3A7E7B241EC2E83300F32479 /* Student.swift */; };
		3A7E7B271EC2E83300F32479 /* StudentList.swift in Sources */ = {isa = PBXBuildFile; fileRef = 3A7E7B251EC2E83300F32479 /* StudentList.swift */; };
		3A7E7B291EC2E8FF00F32479 /* StudentTableViewCell.swift in Sources */ = {isa = PBXBuildFile; fileRef = 3A7E7B281EC2E8FF00F32479 /* StudentTableViewCell.swift */; };
		3A7E7B2B1EC2EA6800F32479 /* StudentTableViewController.swift in Sources */ = {isa = PBXBuildFile; fileRef = 3A7E7B2A1EC2EA6800F32479 /* StudentTableViewController.swift */; };
		3A7E7B2D1EC2FEB100F32479 /* AddStudentViewController.swift in Sources */ = {isa = PBXBuildFile; fileRef = 3A7E7B2C1EC2FEB100F32479 /* AddStudentViewController.swift */; };
		3A7E7B2F1EC3004800F32479 /* DetailAndEditViewController.swift in Sources */ = {isa = PBXBuildFile; fileRef = 3A7E7B2E1EC3004800F32479 /* DetailAndEditViewController.swift */; };
		3A7E7B311EC3093900F32479 /* TempStudent.swift in Sources */ = {isa = PBXBuildFile; fileRef = 3A7E7B301EC3093900F32479 /* TempStudent.swift */; };
/* End PBXBuildFile section */

/* Begin PBXContainerItemProxy section */
		3A7E7B071EC2E4C700F32479 /* PBXContainerItemProxy */ = {
			isa = PBXContainerItemProxy;
			containerPortal = 3A7E7AE71EC2E4C700F32479 /* Project object */;
			proxyType = 1;
			remoteGlobalIDString = 3A7E7AEE1EC2E4C700F32479;
			remoteInfo = ManagementCollection;
		};
		3A7E7B121EC2E4C700F32479 /* PBXContainerItemProxy */ = {
			isa = PBXContainerItemProxy;
			containerPortal = 3A7E7AE71EC2E4C700F32479 /* Project object */;
			proxyType = 1;
			remoteGlobalIDString = 3A7E7AEE1EC2E4C700F32479;
			remoteInfo = ManagementCollection;
		};
/* End PBXContainerItemProxy section */

/* Begin PBXFileReference section */
		3A7E7AEF1EC2E4C700F32479 /* ManagementCollection.app */ = {isa = PBXFileReference; explicitFileType = wrapper.application; includeInIndex = 0; path = ManagementCollection.app; sourceTree = BUILT_PRODUCTS_DIR; };
		3A7E7AF21EC2E4C700F32479 /* AppDelegate.swift */ = {isa = PBXFileReference; lastKnownFileType = sourcecode.swift; path = AppDelegate.swift; sourceTree = "<group>"; };
		3A7E7AF41EC2E4C700F32479 /* ViewController.swift */ = {isa = PBXFileReference; lastKnownFileType = sourcecode.swift; path = ViewController.swift; sourceTree = "<group>"; };
		3A7E7AF71EC2E4C700F32479 /* Base */ = {isa = PBXFileReference; lastKnownFileType = file.storyboard; name = Base; path = Base.lproj/Main.storyboard; sourceTree = "<group>"; };
		3A7E7AFA1EC2E4C700F32479 /* ManagementCollection.xcdatamodel */ = {isa = PBXFileReference; lastKnownFileType = wrapper.xcdatamodel; path = ManagementCollection.xcdatamodel; sourceTree = "<group>"; };
		3A7E7AFC1EC2E4C700F32479 /* Assets.xcassets */ = {isa = PBXFileReference; lastKnownFileType = folder.assetcatalog; path = Assets.xcassets; sourceTree = "<group>"; };
		3A7E7AFF1EC2E4C700F32479 /* Base */ = {isa = PBXFileReference; lastKnownFileType = file.storyboard; name = Base; path = Base.lproj/LaunchScreen.storyboard; sourceTree = "<group>"; };
		3A7E7B011EC2E4C700F32479 /* Info.plist */ = {isa = PBXFileReference; lastKnownFileType = text.plist.xml; path = Info.plist; sourceTree = "<group>"; };
		3A7E7B061EC2E4C700F32479 /* ManagementCollectionTests.xctest */ = {isa = PBXFileReference; explicitFileType = wrapper.cfbundle; includeInIndex = 0; path = ManagementCollectionTests.xctest; sourceTree = BUILT_PRODUCTS_DIR; };
		3A7E7B0A1EC2E4C700F32479 /* ManagementCollectionTests.swift */ = {isa = PBXFileReference; lastKnownFileType = sourcecode.swift; path = ManagementCollectionTests.swift; sourceTree = "<group>"; };
		3A7E7B0C1EC2E4C700F32479 /* Info.plist */ = {isa = PBXFileReference; lastKnownFileType = text.plist.xml; path = Info.plist; sourceTree = "<group>"; };
		3A7E7B111EC2E4C700F32479 /* ManagementCollectionUITests.xctest */ = {isa = PBXFileReference; explicitFileType = wrapper.cfbundle; includeInIndex = 0; path = ManagementCollectionUITests.xctest; sourceTree = BUILT_PRODUCTS_DIR; };
		3A7E7B151EC2E4C700F32479 /* ManagementCollectionUITests.swift */ = {isa = PBXFileReference; lastKnownFileType = sourcecode.swift; path = ManagementCollectionUITests.swift; sourceTree = "<group>"; };
		3A7E7B171EC2E4C700F32479 /* Info.plist */ = {isa = PBXFileReference; lastKnownFileType = text.plist.xml; path = Info.plist; sourceTree = "<group>"; };
		3A7E7B241EC2E83300F32479 /* Student.swift */ = {isa = PBXFileReference; fileEncoding = 4; lastKnownFileType = sourcecode.swift; path = Student.swift; sourceTree = "<group>"; };
		3A7E7B251EC2E83300F32479 /* StudentList.swift */ = {isa = PBXFileReference; fileEncoding = 4; lastKnownFileType = sourcecode.swift; path = StudentList.swift; sourceTree = "<group>"; };
		3A7E7B281EC2E8FF00F32479 /* StudentTableViewCell.swift */ = {isa = PBXFileReference; fileEncoding = 4; lastKnownFileType = sourcecode.swift; path = StudentTableViewCell.swift; sourceTree = "<group>"; };
		3A7E7B2A1EC2EA6800F32479 /* StudentTableViewController.swift */ = {isa = PBXFileReference; fileEncoding = 4; lastKnownFileType = sourcecode.swift; path = StudentTableViewController.swift; sourceTree = "<group>"; };
		3A7E7B2C1EC2FEB100F32479 /* AddStudentViewController.swift */ = {isa = PBXFileReference; fileEncoding = 4; lastKnownFileType = sourcecode.swift; path = AddStudentViewController.swift; sourceTree = "<group>"; };
		3A7E7B2E1EC3004800F32479 /* DetailAndEditViewController.swift */ = {isa = PBXFileReference; fileEncoding = 4; lastKnownFileType = sourcecode.swift; path = DetailAndEditViewController.swift; sourceTree = "<group>"; };
		3A7E7B301EC3093900F32479 /* TempStudent.swift */ = {isa = PBXFileReference; fileEncoding = 4; lastKnownFileType = sourcecode.swift; path = TempStudent.swift; sourceTree = "<group>"; };
/* End PBXFileReference section */

/* Begin PBXFrameworksBuildPhase section */
		3A7E7AEC1EC2E4C700F32479 /* Frameworks */ = {
			isa = PBXFrameworksBuildPhase;
			buildActionMask = 2147483647;
			files = (
			);
			runOnlyForDeploymentPostprocessing = 0;
		};
		3A7E7B031EC2E4C700F32479 /* Frameworks */ = {
			isa = PBXFrameworksBuildPhase;
			buildActionMask = 2147483647;
			files = (
			);
			runOnlyForDeploymentPostprocessing = 0;
		};
		3A7E7B0E1EC2E4C700F32479 /* Frameworks */ = {
			isa = PBXFrameworksBuildPhase;
			buildActionMask = 2147483647;
			files = (
			);
			runOnlyForDeploymentPostprocessing = 0;
		};
/* End PBXFrameworksBuildPhase section */

/* Begin PBXGroup section */
		3A7E7AE61EC2E4C700F32479 = {
			isa = PBXGroup;
			children = (
				3A7E7AF11EC2E4C700F32479 /* ManagementCollection */,
				3A7E7B091EC2E4C700F32479 /* ManagementCollectionTests */,
				3A7E7B141EC2E4C700F32479 /* ManagementCollectionUITests */,
				3A7E7AF01EC2E4C700F32479 /* Products */,
			);
			sourceTree = "<group>";
		};
		3A7E7AF01EC2E4C700F32479 /* Products */ = {
			isa = PBXGroup;
			children = (
				3A7E7AEF1EC2E4C700F32479 /* ManagementCollection.app */,
				3A7E7B061EC2E4C700F32479 /* ManagementCollectionTests.xctest */,
				3A7E7B111EC2E4C700F32479 /* ManagementCollectionUITests.xctest */,
			);
			name = Products;
			sourceTree = "<group>";
		};
		3A7E7AF11EC2E4C700F32479 /* ManagementCollection */ = {
			isa = PBXGroup;
			children = (
				3A7E7B231EC2E81A00F32479 /* Model */,
				3A7E7AF21EC2E4C700F32479 /* AppDelegate.swift */,
				3A7E7AF41EC2E4C700F32479 /* ViewController.swift */,
				3A7E7AF61EC2E4C700F32479 /* Main.storyboard */,
				3A7E7AFC1EC2E4C700F32479 /* Assets.xcassets */,
				3A7E7AFE1EC2E4C700F32479 /* LaunchScreen.storyboard */,
				3A7E7B011EC2E4C700F32479 /* Info.plist */,
				3A7E7AF91EC2E4C700F32479 /* ManagementCollection.xcdatamodeld */,
				3A7E7B281EC2E8FF00F32479 /* StudentTableViewCell.swift */,
				3A7E7B2A1EC2EA6800F32479 /* StudentTableViewController.swift */,
				3A7E7B2C1EC2FEB100F32479 /* AddStudentViewController.swift */,
				3A7E7B2E1EC3004800F32479 /* DetailAndEditViewController.swift */,
				3A7E7B301EC3093900F32479 /* TempStudent.swift */,
			);
			path = ManagementCollection;
			sourceTree = "<group>";
		};
		3A7E7B091EC2E4C700F32479 /* ManagementCollectionTests */ = {
			isa = PBXGroup;
			children = (
				3A7E7B0A1EC2E4C700F32479 /* ManagementCollectionTests.swift */,
				3A7E7B0C1EC2E4C700F32479 /* Info.plist */,
			);
			path = ManagementCollectionTests;
			sourceTree = "<group>";
		};
		3A7E7B141EC2E4C700F32479 /* ManagementCollectionUITests */ = {
			isa = PBXGroup;
			children = (
				3A7E7B151EC2E4C700F32479 /* ManagementCollectionUITests.swift */,
				3A7E7B171EC2E4C700F32479 /* Info.plist */,
			);
			path = ManagementCollectionUITests;
			sourceTree = "<group>";
		};
		3A7E7B231EC2E81A00F32479 /* Model */ = {
			isa = PBXGroup;
			children = (
				3A7E7B241EC2E83300F32479 /* Student.swift */,
				3A7E7B251EC2E83300F32479 /* StudentList.swift */,
			);
			name = Model;
			sourceTree = "<group>";
		};
/* End PBXGroup section */

/* Begin PBXNativeTarget section */
		3A7E7AEE1EC2E4C700F32479 /* ManagementCollection */ = {
			isa = PBXNativeTarget;
			buildConfigurationList = 3A7E7B1A1EC2E4C700F32479 /* Build configuration list for PBXNativeTarget "ManagementCollection" */;
			buildPhases = (
				3A7E7AEB1EC2E4C700F32479 /* Sources */,
				3A7E7AEC1EC2E4C700F32479 /* Frameworks */,
				3A7E7AED1EC2E4C700F32479 /* Resources */,
			);
			buildRules = (
			);
			dependencies = (
			);
			name = ManagementCollection;
			productName = ManagementCollection;
			productReference = 3A7E7AEF1EC2E4C700F32479 /* ManagementCollection.app */;
			productType = "com.apple.product-type.application";
		};
		3A7E7B051EC2E4C700F32479 /* ManagementCollectionTests */ = {
			isa = PBXNativeTarget;
			buildConfigurationList = 3A7E7B1D1EC2E4C700F32479 /* Build configuration list for PBXNativeTarget "ManagementCollectionTests" */;
			buildPhases = (
				3A7E7B021EC2E4C700F32479 /* Sources */,
				3A7E7B031EC2E4C700F32479 /* Frameworks */,
				3A7E7B041EC2E4C700F32479 /* Resources */,
			);
			buildRules = (
			);
			dependencies = (
				3A7E7B081EC2E4C700F32479 /* PBXTargetDependency */,
			);
			name = ManagementCollectionTests;
			productName = ManagementCollectionTests;
			productReference = 3A7E7B061EC2E4C700F32479 /* ManagementCollectionTests.xctest */;
			productType = "com.apple.product-type.bundle.unit-test";
		};
		3A7E7B101EC2E4C700F32479 /* ManagementCollectionUITests */ = {
			isa = PBXNativeTarget;
			buildConfigurationList = 3A7E7B201EC2E4C700F32479 /* Build configuration list for PBXNativeTarget "ManagementCollectionUITests" */;
			buildPhases = (
				3A7E7B0D1EC2E4C700F32479 /* Sources */,
				3A7E7B0E1EC2E4C700F32479 /* Frameworks */,
				3A7E7B0F1EC2E4C700F32479 /* Resources */,
			);
			buildRules = (
			);
			dependencies = (
				3A7E7B131EC2E4C700F32479 /* PBXTargetDependency */,
			);
			name = ManagementCollectionUITests;
			productName = ManagementCollectionUITests;
			productReference = 3A7E7B111EC2E4C700F32479 /* ManagementCollectionUITests.xctest */;
			productType = "com.apple.product-type.bundle.ui-testing";
		};
/* End PBXNativeTarget section */

/* Begin PBXProject section */
		3A7E7AE71EC2E4C700F32479 /* Project object */ = {
			isa = PBXProject;
			attributes = {
				LastSwiftUpdateCheck = 0830;
				LastUpgradeCheck = 0830;
				ORGANIZATIONNAME = "Dau Khac Bac";
				TargetAttributes = {
					3A7E7AEE1EC2E4C700F32479 = {
						CreatedOnToolsVersion = 8.3;
						ProvisioningStyle = Automatic;
					};
					3A7E7B051EC2E4C700F32479 = {
						CreatedOnToolsVersion = 8.3;
						ProvisioningStyle = Automatic;
						TestTargetID = 3A7E7AEE1EC2E4C700F32479;
					};
					3A7E7B101EC2E4C700F32479 = {
						CreatedOnToolsVersion = 8.3;
						ProvisioningStyle = Automatic;
						TestTargetID = 3A7E7AEE1EC2E4C700F32479;
					};
				};
			};
			buildConfigurationList = 3A7E7AEA1EC2E4C700F32479 /* Build configuration list for PBXProject "ManagementCollection" */;
			compatibilityVersion = "Xcode 3.2";
			developmentRegion = English;
			hasScannedForEncodings = 0;
			knownRegions = (
				en,
				Base,
			);
			mainGroup = 3A7E7AE61EC2E4C700F32479;
			productRefGroup = 3A7E7AF01EC2E4C700F32479 /* Products */;
			projectDirPath = "";
			projectRoot = "";
			targets = (
				3A7E7AEE1EC2E4C700F32479 /* ManagementCollection */,
				3A7E7B051EC2E4C700F32479 /* ManagementCollectionTests */,
				3A7E7B101EC2E4C700F32479 /* ManagementCollectionUITests */,
			);
		};
/* End PBXProject section */

/* Begin PBXResourcesBuildPhase section */
		3A7E7AED1EC2E4C700F32479 /* Resources */ = {
			isa = PBXResourcesBuildPhase;
			buildActionMask = 2147483647;
			files = (
				3A7E7B001EC2E4C700F32479 /* LaunchScreen.storyboard in Resources */,
				3A7E7AFD1EC2E4C700F32479 /* Assets.xcassets in Resources */,
				3A7E7AF81EC2E4C700F32479 /* Main.storyboard in Resources */,
			);
			runOnlyForDeploymentPostprocessing = 0;
		};
		3A7E7B041EC2E4C700F32479 /* Resources */ = {
			isa = PBXResourcesBuildPhase;
			buildActionMask = 2147483647;
			files = (
			);
			runOnlyForDeploymentPostprocessing = 0;
		};
		3A7E7B0F1EC2E4C700F32479 /* Resources */ = {
			isa = PBXResourcesBuildPhase;
			buildActionMask = 2147483647;
			files = (
			);
			runOnlyForDeploymentPostprocessing = 0;
		};
/* End PBXResourcesBuildPhase section */

/* Begin PBXSourcesBuildPhase section */
		3A7E7AEB1EC2E4C700F32479 /* Sources */ = {
			isa = PBXSourcesBuildPhase;
			buildActionMask = 2147483647;
			files = (
				3A7E7B2F1EC3004800F32479 /* DetailAndEditViewController.swift in Sources */,
				3A7E7B2D1EC2FEB100F32479 /* AddStudentViewController.swift in Sources */,
				3A7E7AF51EC2E4C700F32479 /* ViewController.swift in Sources */,
				3A7E7B2B1EC2EA6800F32479 /* StudentTableViewController.swift in Sources */,
				3A7E7AFB1EC2E4C700F32479 /* ManagementCollection.xcdatamodeld in Sources */,
				3A7E7B311EC3093900F32479 /* TempStudent.swift in Sources */,
				3A7E7AF31EC2E4C700F32479 /* AppDelegate.swift in Sources */,
				3A7E7B261EC2E83300F32479 /* Student.swift in Sources */,
				3A7E7B271EC2E83300F32479 /* StudentList.swift in Sources */,
				3A7E7B291EC2E8FF00F32479 /* StudentTableViewCell.swift in Sources */,
			);
			runOnlyForDeploymentPostprocessing = 0;
		};
		3A7E7B021EC2E4C700F32479 /* Sources */ = {
			isa = PBXSourcesBuildPhase;
			buildActionMask = 2147483647;
			files = (
				3A7E7B0B1EC2E4C700F32479 /* ManagementCollectionTests.swift in Sources */,
			);
			runOnlyForDeploymentPostprocessing = 0;
		};
		3A7E7B0D1EC2E4C700F32479 /* Sources */ = {
			isa = PBXSourcesBuildPhase;
			buildActionMask = 2147483647;
			files = (
				3A7E7B161EC2E4C700F32479 /* ManagementCollectionUITests.swift in Sources */,
			);
			runOnlyForDeploymentPostprocessing = 0;
		};
/* End PBXSourcesBuildPhase section */

/* Begin PBXTargetDependency section */
		3A7E7B081EC2E4C700F32479 /* PBXTargetDependency */ = {
			isa = PBXTargetDependency;
			target = 3A7E7AEE1EC2E4C700F32479 /* ManagementCollection */;
			targetProxy = 3A7E7B071EC2E4C700F32479 /* PBXContainerItemProxy */;
		};
		3A7E7B131EC2E4C700F32479 /* PBXTargetDependency */ = {
			isa = PBXTargetDependency;
			target = 3A7E7AEE1EC2E4C700F32479 /* ManagementCollection */;
			targetProxy = 3A7E7B121EC2E4C700F32479 /* PBXContainerItemProxy */;
		};
/* End PBXTargetDependency section */

/* Begin PBXVariantGroup section */
		3A7E7AF61EC2E4C700F32479 /* Main.storyboard */ = {
			isa = PBXVariantGroup;
			children = (
				3A7E7AF71EC2E4C700F32479 /* Base */,
			);
			name = Main.storyboard;
			sourceTree = "<group>";
		};
		3A7E7AFE1EC2E4C700F32479 /* LaunchScreen.storyboard */ = {
			isa = PBXVariantGroup;
			children = (
				3A7E7AFF1EC2E4C700F32479 /* Base */,
			);
			name = LaunchScreen.storyboard;
			sourceTree = "<group>";
		};
/* End PBXVariantGroup section */

/* Begin XCBuildConfiguration section */
		3A7E7B181EC2E4C700F32479 /* Debug */ = {
			isa = XCBuildConfiguration;
			buildSettings = {
				ALWAYS_SEARCH_USER_PATHS = NO;
				CLANG_ANALYZER_NONNULL = YES;
				CLANG_ANALYZER_NUMBER_OBJECT_CONVERSION = YES_AGGRESSIVE;
				CLANG_CXX_LANGUAGE_STANDARD = "gnu++0x";
				CLANG_CXX_LIBRARY = "libc++";
				CLANG_ENABLE_MODULES = YES;
				CLANG_ENABLE_OBJC_ARC = YES;
				CLANG_WARN_BOOL_CONVERSION = YES;
				CLANG_WARN_CONSTANT_CONVERSION = YES;
				CLANG_WARN_DIRECT_OBJC_ISA_USAGE = YES_ERROR;
				CLANG_WARN_DOCUMENTATION_COMMENTS = YES;
				CLANG_WARN_EMPTY_BODY = YES;
				CLANG_WARN_ENUM_CONVERSION = YES;
				CLANG_WARN_INFINITE_RECURSION = YES;
				CLANG_WARN_INT_CONVERSION = YES;
				CLANG_WARN_OBJC_ROOT_CLASS = YES_ERROR;
				CLANG_WARN_SUSPICIOUS_MOVE = YES;
				CLANG_WARN_UNREACHABLE_CODE = YES;
				CLANG_WARN__DUPLICATE_METHOD_MATCH = YES;
				"CODE_SIGN_IDENTITY[sdk=iphoneos*]" = "iPhone Developer";
				COPY_PHASE_STRIP = NO;
				DEBUG_INFORMATION_FORMAT = dwarf;
				ENABLE_STRICT_OBJC_MSGSEND = YES;
				ENABLE_TESTABILITY = YES;
				GCC_C_LANGUAGE_STANDARD = gnu99;
				GCC_DYNAMIC_NO_PIC = NO;
				GCC_NO_COMMON_BLOCKS = YES;
				GCC_OPTIMIZATION_LEVEL = 0;
				GCC_PREPROCESSOR_DEFINITIONS = (
					"DEBUG=1",
					"$(inherited)",
				);
				GCC_WARN_64_TO_32_BIT_CONVERSION = YES;
				GCC_WARN_ABOUT_RETURN_TYPE = YES_ERROR;
				GCC_WARN_UNDECLARED_SELECTOR = YES;
				GCC_WARN_UNINITIALIZED_AUTOS = YES_AGGRESSIVE;
				GCC_WARN_UNUSED_FUNCTION = YES;
				GCC_WARN_UNUSED_VARIABLE = YES;
				IPHONEOS_DEPLOYMENT_TARGET = 10.3;
				MTL_ENABLE_DEBUG_INFO = YES;
				ONLY_ACTIVE_ARCH = YES;
				SDKROOT = iphoneos;
				SWIFT_ACTIVE_COMPILATION_CONDITIONS = DEBUG;
				SWIFT_OPTIMIZATION_LEVEL = "-Onone";
				TARGETED_DEVICE_FAMILY = "1,2";
			};
			name = Debug;
		};
		3A7E7B191EC2E4C700F32479 /* Release */ = {
			isa = XCBuildConfiguration;
			buildSettings = {
				ALWAYS_SEARCH_USER_PATHS = NO;
				CLANG_ANALYZER_NONNULL = YES;
				CLANG_ANALYZER_NUMBER_OBJECT_CONVERSION = YES_AGGRESSIVE;
				CLANG_CXX_LANGUAGE_STANDARD = "gnu++0x";
				CLANG_CXX_LIBRARY = "libc++";
				CLANG_ENABLE_MODULES = YES;
				CLANG_ENABLE_OBJC_ARC = YES;
				CLANG_WARN_BOOL_CONVERSION = YES;
				CLANG_WARN_CONSTANT_CONVERSION = YES;
				CLANG_WARN_DIRECT_OBJC_ISA_USAGE = YES_ERROR;
				CLANG_WARN_DOCUMENTATION_COMMENTS = YES;
				CLANG_WARN_EMPTY_BODY = YES;
				CLANG_WARN_ENUM_CONVERSION = YES;
				CLANG_WARN_INFINITE_RECURSION = YES;
				CLANG_WARN_INT_CONVERSION = YES;
				CLANG_WARN_OBJC_ROOT_CLASS = YES_ERROR;
				CLANG_WARN_SUSPICIOUS_MOVE = YES;
				CLANG_WARN_UNREACHABLE_CODE = YES;
				CLANG_WARN__DUPLICATE_METHOD_MATCH = YES;
				"CODE_SIGN_IDENTITY[sdk=iphoneos*]" = "iPhone Developer";
				COPY_PHASE_STRIP = NO;
				DEBUG_INFORMATION_FORMAT = "dwarf-with-dsym";
				ENABLE_NS_ASSERTIONS = NO;
				ENABLE_STRICT_OBJC_MSGSEND = YES;
				GCC_C_LANGUAGE_STANDARD = gnu99;
				GCC_NO_COMMON_BLOCKS = YES;
				GCC_WARN_64_TO_32_BIT_CONVERSION = YES;
				GCC_WARN_ABOUT_RETURN_TYPE = YES_ERROR;
				GCC_WARN_UNDECLARED_SELECTOR = YES;
				GCC_WARN_UNINITIALIZED_AUTOS = YES_AGGRESSIVE;
				GCC_WARN_UNUSED_FUNCTION = YES;
				GCC_WARN_UNUSED_VARIABLE = YES;
				IPHONEOS_DEPLOYMENT_TARGET = 10.3;
				MTL_ENABLE_DEBUG_INFO = NO;
				SDKROOT = iphoneos;
				SWIFT_OPTIMIZATION_LEVEL = "-Owholemodule";
				TARGETED_DEVICE_FAMILY = "1,2";
				VALIDATE_PRODUCT = YES;
			};
			name = Release;
		};
		3A7E7B1B1EC2E4C700F32479 /* Debug */ = {
			isa = XCBuildConfiguration;
			buildSettings = {
				ASSETCATALOG_COMPILER_APPICON_NAME = AppIcon;
				INFOPLIST_FILE = ManagementCollection/Info.plist;
				LD_RUNPATH_SEARCH_PATHS = "$(inherited) @executable_path/Frameworks";
				PRODUCT_BUNDLE_IDENTIFIER = bac.ManagementCollection;
				PRODUCT_NAME = "$(TARGET_NAME)";
				SWIFT_VERSION = 3.0;
			};
			name = Debug;
		};
		3A7E7B1C1EC2E4C700F32479 /* Release */ = {
			isa = XCBuildConfiguration;
			buildSettings = {
				ASSETCATALOG_COMPILER_APPICON_NAME = AppIcon;
				INFOPLIST_FILE = ManagementCollection/Info.plist;
				LD_RUNPATH_SEARCH_PATHS = "$(inherited) @executable_path/Frameworks";
				PRODUCT_BUNDLE_IDENTIFIER = bac.ManagementCollection;
				PRODUCT_NAME = "$(TARGET_NAME)";
				SWIFT_VERSION = 3.0;
			};
			name = Release;
		};
		3A7E7B1E1EC2E4C700F32479 /* Debug */ = {
			isa = XCBuildConfiguration;
			buildSettings = {
				ALWAYS_EMBED_SWIFT_STANDARD_LIBRARIES = YES;
				BUNDLE_LOADER = "$(TEST_HOST)";
				INFOPLIST_FILE = ManagementCollectionTests/Info.plist;
				LD_RUNPATH_SEARCH_PATHS = "$(inherited) @executable_path/Frameworks @loader_path/Frameworks";
				PRODUCT_BUNDLE_IDENTIFIER = bac.ManagementCollectionTests;
				PRODUCT_NAME = "$(TARGET_NAME)";
				SWIFT_VERSION = 3.0;
				TEST_HOST = "$(BUILT_PRODUCTS_DIR)/ManagementCollection.app/ManagementCollection";
			};
			name = Debug;
		};
		3A7E7B1F1EC2E4C700F32479 /* Release */ = {
			isa = XCBuildConfiguration;
			buildSettings = {
				ALWAYS_EMBED_SWIFT_STANDARD_LIBRARIES = YES;
				BUNDLE_LOADER = "$(TEST_HOST)";
				INFOPLIST_FILE = ManagementCollectionTests/Info.plist;
				LD_RUNPATH_SEARCH_PATHS = "$(inherited) @executable_path/Frameworks @loader_path/Frameworks";
				PRODUCT_BUNDLE_IDENTIFIER = bac.ManagementCollectionTests;
				PRODUCT_NAME = "$(TARGET_NAME)";
				SWIFT_VERSION = 3.0;
				TEST_HOST = "$(BUILT_PRODUCTS_DIR)/ManagementCollection.app/ManagementCollection";
			};
			name = Release;
		};
		3A7E7B211EC2E4C700F32479 /* Debug */ = {
			isa = XCBuildConfiguration;
			buildSettings = {
				ALWAYS_EMBED_SWIFT_STANDARD_LIBRARIES = YES;
				INFOPLIST_FILE = ManagementCollectionUITests/Info.plist;
				LD_RUNPATH_SEARCH_PATHS = "$(inherited) @executable_path/Frameworks @loader_path/Frameworks";
				PRODUCT_BUNDLE_IDENTIFIER = bac.ManagementCollectionUITests;
				PRODUCT_NAME = "$(TARGET_NAME)";
				SWIFT_VERSION = 3.0;
				TEST_TARGET_NAME = ManagementCollection;
			};
			name = Debug;
		};
		3A7E7B221EC2E4C700F32479 /* Release */ = {
			isa = XCBuildConfiguration;
			buildSettings = {
				ALWAYS_EMBED_SWIFT_STANDARD_LIBRARIES = YES;
				INFOPLIST_FILE = ManagementCollectionUITests/Info.plist;
				LD_RUNPATH_SEARCH_PATHS = "$(inherited) @executable_path/Frameworks @loader_path/Frameworks";
				PRODUCT_BUNDLE_IDENTIFIER = bac.ManagementCollectionUITests;
				PRODUCT_NAME = "$(TARGET_NAME)";
				SWIFT_VERSION = 3.0;
				TEST_TARGET_NAME = ManagementCollection;
			};
			name = Release;
		};
/* End XCBuildConfiguration section */

/* Begin XCConfigurationList section */
		3A7E7AEA1EC2E4C700F32479 /* Build configuration list for PBXProject "ManagementCollection" */ = {
			isa = XCConfigurationList;
			buildConfigurations = (
				3A7E7B181EC2E4C700F32479 /* Debug */,
				3A7E7B191EC2E4C700F32479 /* Release */,
			);
			defaultConfigurationIsVisible = 0;
			defaultConfigurationName = Release;
		};
		3A7E7B1A1EC2E4C700F32479 /* Build configuration list for PBXNativeTarget "ManagementCollection" */ = {
			isa = XCConfigurationList;
			buildConfigurations = (
				3A7E7B1B1EC2E4C700F32479 /* Debug */,
				3A7E7B1C1EC2E4C700F32479 /* Release */,
			);
			defaultConfigurationIsVisible = 0;
		};
		3A7E7B1D1EC2E4C700F32479 /* Build configuration list for PBXNativeTarget "ManagementCollectionTests" */ = {
			isa = XCConfigurationList;
			buildConfigurations = (
				3A7E7B1E1EC2E4C700F32479 /* Debug */,
				3A7E7B1F1EC2E4C700F32479 /* Release */,
			);
			defaultConfigurationIsVisible = 0;
		};
		3A7E7B201EC2E4C700F32479 /* Build configuration list for PBXNativeTarget "ManagementCollectionUITests" */ = {
			isa = XCConfigurationList;
			buildConfigurations = (
				3A7E7B211EC2E4C700F32479 /* Debug */,
				3A7E7B221EC2E4C700F32479 /* Release */,
			);
			defaultConfigurationIsVisible = 0;
		};
/* End XCConfigurationList section */

/* Begin XCVersionGroup section */
		3A7E7AF91EC2E4C700F32479 /* ManagementCollection.xcdatamodeld */ = {
			isa = XCVersionGroup;
			children = (
				3A7E7AFA1EC2E4C700F32479 /* ManagementCollection.xcdatamodel */,
			);
			currentVersion = 3A7E7AFA1EC2E4C700F32479 /* ManagementCollection.xcdatamodel */;
			path = ManagementCollection.xcdatamodeld;
			sourceTree = "<group>";
			versionGroupType = wrapper.xcdatamodel;
		};
/* End XCVersionGroup section */
	};
	rootObject = 3A7E7AE71EC2E4C700F32479 /* Project object */;
}
